
Microsoft Visual Studio Solution File, Format Version 12.00
# Visual Studio Version 17
VisualStudioVersion = 17.2.32616.157
MinimumVisualStudioVersion = 10.0.40219.1
Project("{9A19103F-16F7-4668-BE54-9A1E7A4F7556}") = "OrderManagement.UI", "OrderManagement.UI\OrderManagement.UI.csproj", "{5BC8F6F2-72D2-4D21-92F8-66690D559039}"
EndProject
Project("{9A19103F-16F7-4668-BE54-9A1E7A4F7556}") = "OrderManagement.Api", "OrderManagement.Api\OrderManagement.Api.csproj", "{5CB38A0A-0650-405A-A27B-9D6B8DF62BC5}"
EndProject
Project("{9A19103F-16F7-4668-BE54-9A1E7A4F7556}") = "OrderManagement.Infrastructure", "OrderManagement.Infrastructure\OrderManagement.Infrastructure.csproj", "{C9688C66-BA7A-422A-A100-81D647B9866D}"
EndProject
Project("{9A19103F-16F7-4668-BE54-9A1E7A4F7556}") = "OrderManagement.Domain", "OrderManagement.Domain\OrderManagement.Domain.csproj", "{632F8396-103F-4D64-8C6A-4EA9221A57C0}"
EndProject
Global
	GlobalSection(SolutionConfigurationPlatforms) = preSolution
		Debug|Any CPU = Debug|Any CPU
		Release|Any CPU = Release|Any CPU
	EndGlobalSection
	GlobalSection(ProjectConfigurationPlatforms) = postSolution
		{5BC8F6F2-72D2-4D21-92F8-66690D559039}.Debug|Any CPU.ActiveCfg = Debug|Any CPU
		{5BC8F6F2-72D2-4D21-92F8-66690D559039}.Debug|Any CPU.Build.0 = Debug|Any CPU
		{5BC8F6F2-72D2-4D21-92F8-66690D559039}.Release|Any CPU.ActiveCfg = Release|Any CPU
		{5BC8F6F2-72D2-4D21-92F8-66690D559039}.Release|Any CPU.Build.0 = Release|Any CPU
		{5CB38A0A-0650-405A-A27B-9D6B8DF62BC5}.Debug|Any CPU.ActiveCfg = Debug|Any CPU
		{5CB38A0A-0650-405A-A27B-9D6B8DF62BC5}.Debug|Any CPU.Build.0 = Debug|Any CPU
		{5CB38A0A-0650-405A-A27B-9D6B8DF62BC5}.Release|Any CPU.ActiveCfg = Release|Any CPU
		{5CB38A0A-0650-405A-A27B-9D6B8DF62BC5}.Release|Any CPU.Build.0 = Release|Any CPU
		{C9688C66-BA7A-422A-A100-81D647B9866D}.Debug|Any CPU.ActiveCfg = Debug|Any CPU
		{C9688C66-BA7A-422A-A100-81D647B9866D}.Debug|Any CPU.Build.0 = Debug|Any CPU
		{C9688C66-BA7A-422A-A100-81D647B9866D}.Release|Any CPU.ActiveCfg = Release|Any CPU
		{C9688C66-BA7A-422A-A100-81D647B9866D}.Release|Any CPU.Build.0 = Release|Any CPU
		{632F8396-103F-4D64-8C6A-4EA9221A57C0}.Debug|Any CPU.ActiveCfg = Debug|Any CPU
		{632F8396-103F-4D64-8C6A-4EA9221A57C0}.Debug|Any CPU.Build.0 = Debug|Any CPU
		{632F8396-103F-4D64-8C6A-4EA9221A57C0}.Release|Any CPU.ActiveCfg = Release|Any CPU
		{632F8396-103F-4D64-8C6A-4EA9221A57C0}.Release|Any CPU.Build.0 = Release|Any CPU
	EndGlobalSection
	GlobalSection(SolutionProperties) = preSolution
		HideSolutionNode = FALSE
	EndGlobalSection
	GlobalSection(ExtensibilityGlobals) = postSolution
		SolutionGuid = {D9C2163E-3792-4B87-B747-812E4DBE8EE6}
	EndGlobalSection
EndGlobal
